
Microsoft Visual Studio Solution File, Format Version 12.00
# Visual Studio Version 16
VisualStudioVersion = 16.0.30907.101
MinimumVisualStudioVersion = 10.0.40219.1
Project("{FAE04EC0-301F-11D3-BF4B-00C04F79EFBC}") = "BetterWithDona", "BetterWithDona.csproj", "{32D8CC87-117F-4A13-8C06-6022170A04E8}"
EndProject
Global
	GlobalSection(SolutionConfigurationPlatforms) = preSolution
		Debug|Any CPU = Debug|Any CPU
		Release|Any CPU = Release|Any CPU
	EndGlobalSection
	GlobalSection(ProjectConfigurationPlatforms) = postSolution
		{32D8CC87-117F-4A13-8C06-6022170A04E8}.Debug|Any CPU.ActiveCfg = Debug|Any CPU
		{32D8CC87-117F-4A13-8C06-6022170A04E8}.Debug|Any CPU.Build.0 = Debug|Any CPU
		{32D8CC87-117F-4A13-8C06-6022170A04E8}.Release|Any CPU.ActiveCfg = Release|Any CPU
		{32D8CC87-117F-4A13-8C06-6022170A04E8}.Release|Any CPU.Build.0 = Release|Any CPU
	EndGlobalSection
	GlobalSection(SolutionProperties) = preSolution
		HideSolutionNode = FALSE
	EndGlobalSection
	GlobalSection(ExtensibilityGlobals) = postSolution
		SolutionGuid = {6C861CC8-62C8-4912-8FF2-CDC0CD3F8AAF}
	EndGlobalSection
EndGlobal
